// !$*UTF8*$!
{
	archiveVersion = 1;
	classes = {
	};
	objectVersion = 50;
	objects = {

/* Begin PBXBuildFile section */
		AF8D0B6226414B0400276CE3 /* AppDelegate.swift in Sources */ = {isa = PBXBuildFile; fileRef = AF8D0B6126414B0400276CE3 /* AppDelegate.swift */; };
		AF8D0B6426414B0400276CE3 /* SceneDelegate.swift in Sources */ = {isa = PBXBuildFile; fileRef = AF8D0B6326414B0400276CE3 /* SceneDelegate.swift */; };
		AF8D0B6626414B0400276CE3 /* ContentView.swift in Sources */ = {isa = PBXBuildFile; fileRef = AF8D0B6526414B0400276CE3 /* ContentView.swift */; };
		AF8D0B6826414B0600276CE3 /* Assets.xcassets in Resources */ = {isa = PBXBuildFile; fileRef = AF8D0B6726414B0600276CE3 /* Assets.xcassets */; };
		AF8D0B6B26414B0600276CE3 /* Preview Assets.xcassets in Resources */ = {isa = PBXBuildFile; fileRef = AF8D0B6A26414B0600276CE3 /* Preview Assets.xcassets */; };
		AF8D0B6E26414B0600276CE3 /* LaunchScreen.storyboard in Resources */ = {isa = PBXBuildFile; fileRef = AF8D0B6C26414B0600276CE3 /* LaunchScreen.storyboard */; };
		AFB342832678CB5500AC796B /* coreImage.swift in Sources */ = {isa = PBXBuildFile; fileRef = AFB342822678CB5500AC796B /* coreImage.swift */; };
		AFB342862678D8C100AC796B /* ImagePicker.swift in Sources */ = {isa = PBXBuildFile; fileRef = AFB342852678D8C100AC796B /* ImagePicker.swift */; };
		AFB342882678E25100AC796B /* WrappingUIViewController.swift in Sources */ = {isa = PBXBuildFile; fileRef = AFB342872678E25100AC796B /* WrappingUIViewController.swift */; };
		AFDA890526775D6D00FA733B /* CustomBinding.swift in Sources */ = {isa = PBXBuildFile; fileRef = AFDA890426775D6D00FA733B /* CustomBinding.swift */; };
		AFDA890726775DBF00FA733B /* ActionSheet.swift in Sources */ = {isa = PBXBuildFile; fileRef = AFDA890626775DBF00FA733B /* ActionSheet.swift */; };
/* End PBXBuildFile section */

/* Begin PBXFileReference section */
		AF8D0B5E26414B0400276CE3 /* project 13.app */ = {isa = PBXFileReference; explicitFileType = wrapper.application; includeInIndex = 0; path = "project 13.app"; sourceTree = BUILT_PRODUCTS_DIR; };
		AF8D0B6126414B0400276CE3 /* AppDelegate.swift */ = {isa = PBXFileReference; lastKnownFileType = sourcecode.swift; path = AppDelegate.swift; sourceTree = "<group>"; };
		AF8D0B6326414B0400276CE3 /* SceneDelegate.swift */ = {isa = PBXFileReference; lastKnownFileType = sourcecode.swift; path = SceneDelegate.swift; sourceTree = "<group>"; };
		AF8D0B6526414B0400276CE3 /* ContentView.swift */ = {isa = PBXFileReference; lastKnownFileType = sourcecode.swift; path = ContentView.swift; sourceTree = "<group>"; };
		AF8D0B6726414B0600276CE3 /* Assets.xcassets */ = {isa = PBXFileReference; lastKnownFileType = folder.assetcatalog; path = Assets.xcassets; sourceTree = "<group>"; };
		AF8D0B6A26414B0600276CE3 /* Preview Assets.xcassets */ = {isa = PBXFileReference; lastKnownFileType = folder.assetcatalog; path = "Preview Assets.xcassets"; sourceTree = "<group>"; };
		AF8D0B6D26414B0600276CE3 /* Base */ = {isa = PBXFileReference; lastKnownFileType = file.storyboard; name = Base; path = Base.lproj/LaunchScreen.storyboard; sourceTree = "<group>"; };
		AF8D0B6F26414B0600276CE3 /* Info.plist */ = {isa = PBXFileReference; lastKnownFileType = text.plist.xml; path = Info.plist; sourceTree = "<group>"; };
		AFB342822678CB5500AC796B /* coreImage.swift */ = {isa = PBXFileReference; lastKnownFileType = sourcecode.swift; path = coreImage.swift; sourceTree = "<group>"; };
		AFB342852678D8C100AC796B /* ImagePicker.swift */ = {isa = PBXFileReference; lastKnownFileType = sourcecode.swift; path = ImagePicker.swift; sourceTree = "<group>"; };
		AFB342872678E25100AC796B /* WrappingUIViewController.swift */ = {isa = PBXFileReference; lastKnownFileType = sourcecode.swift; path = WrappingUIViewController.swift; sourceTree = "<group>"; };
		AFDA890426775D6D00FA733B /* CustomBinding.swift */ = {isa = PBXFileReference; lastKnownFileType = sourcecode.swift; path = CustomBinding.swift; sourceTree = "<group>"; };
		AFDA890626775DBF00FA733B /* ActionSheet.swift */ = {isa = PBXFileReference; lastKnownFileType = sourcecode.swift; path = ActionSheet.swift; sourceTree = "<group>"; };
/* End PBXFileReference section */

/* Begin PBXFrameworksBuildPhase section */
		AF8D0B5B26414B0400276CE3 /* Frameworks */ = {
			isa = PBXFrameworksBuildPhase;
			buildActionMask = 2147483647;
			files = (
			);
			runOnlyForDeploymentPostprocessing = 0;
		};
/* End PBXFrameworksBuildPhase section */

/* Begin PBXGroup section */
		AF8D0B5526414B0400276CE3 = {
			isa = PBXGroup;
			children = (
				AF8D0B6026414B0400276CE3 /* project 13 */,
				AF8D0B5F26414B0400276CE3 /* Products */,
			);
			sourceTree = "<group>";
		};
		AF8D0B5F26414B0400276CE3 /* Products */ = {
			isa = PBXGroup;
			children = (
				AF8D0B5E26414B0400276CE3 /* project 13.app */,
			);
			name = Products;
			sourceTree = "<group>";
		};
		AF8D0B6026414B0400276CE3 /* project 13 */ = {
			isa = PBXGroup;
			children = (
				AF8D0B6F26414B0600276CE3 /* Info.plist */,
				AFDA890626775DBF00FA733B /* ActionSheet.swift */,
				AF8D0B6126414B0400276CE3 /* AppDelegate.swift */,
				AF8D0B6526414B0400276CE3 /* ContentView.swift */,
				AFB342822678CB5500AC796B /* coreImage.swift */,
				AFB342872678E25100AC796B /* WrappingUIViewController.swift */,
				AFDA890426775D6D00FA733B /* CustomBinding.swift */,
				AFB342852678D8C100AC796B /* ImagePicker.swift */,
				AF8D0B6326414B0400276CE3 /* SceneDelegate.swift */,
				AF8D0B6726414B0600276CE3 /* Assets.xcassets */,
				AF8D0B6C26414B0600276CE3 /* LaunchScreen.storyboard */,
				AF8D0B6926414B0600276CE3 /* Preview Content */,
			);
			path = "project 13";
			sourceTree = "<group>";
		};
		AF8D0B6926414B0600276CE3 /* Preview Content */ = {
			isa = PBXGroup;
			children = (
				AF8D0B6A26414B0600276CE3 /* Preview Assets.xcassets */,
			);
			path = "Preview Content";
			sourceTree = "<group>";
		};
/* End PBXGroup section */

/* Begin PBXNativeTarget section */
		AF8D0B5D26414B0400276CE3 /* project 13 */ = {
			isa = PBXNativeTarget;
			buildConfigurationList = AF8D0B7226414B0600276CE3 /* Build configuration list for PBXNativeTarget "project 13" */;
			buildPhases = (
				AF8D0B5A26414B0400276CE3 /* Sources */,
				AF8D0B5B26414B0400276CE3 /* Frameworks */,
				AF8D0B5C26414B0400276CE3 /* Resources */,
			);
			buildRules = (
			);
			dependencies = (
			);
			name = "project 13";
			productName = "project 13";
			productReference = AF8D0B5E26414B0400276CE3 /* project 13.app */;
			productType = "com.apple.product-type.application";
		};
/* End PBXNativeTarget section */

/* Begin PBXProject section */
		AF8D0B5626414B0400276CE3 /* Project object */ = {
			isa = PBXProject;
			attributes = {
				LastSwiftUpdateCheck = 1200;
				LastUpgradeCheck = 1200;
				TargetAttributes = {
					AF8D0B5D26414B0400276CE3 = {
						CreatedOnToolsVersion = 12.0;
					};
				};
			};
			buildConfigurationList = AF8D0B5926414B0400276CE3 /* Build configuration list for PBXProject "project 13" */;
			compatibilityVersion = "Xcode 9.3";
			developmentRegion = en;
			hasScannedForEncodings = 0;
			knownRegions = (
				en,
				Base,
			);
			mainGroup = AF8D0B5526414B0400276CE3;
			productRefGroup = AF8D0B5F26414B0400276CE3 /* Products */;
			projectDirPath = "";
			projectRoot = "";
			targets = (
				AF8D0B5D26414B0400276CE3 /* project 13 */,
			);
		};
/* End PBXProject section */

/* Begin PBXResourcesBuildPhase section */
		AF8D0B5C26414B0400276CE3 /* Resources */ = {
			isa = PBXResourcesBuildPhase;
			buildActionMask = 2147483647;
			files = (
				AF8D0B6E26414B0600276CE3 /* LaunchScreen.storyboard in Resources */,
				AF8D0B6B26414B0600276CE3 /* Preview Assets.xcassets in Resources */,
				AF8D0B6826414B0600276CE3 /* Assets.xcassets in Resources */,
			);
			runOnlyForDeploymentPostprocessing = 0;
		};
/* End PBXResourcesBuildPhase section */

/* Begin PBXSourcesBuildPhase section */
		AF8D0B5A26414B0400276CE3 /* Sources */ = {
			isa = PBXSourcesBuildPhase;
			buildActionMask = 2147483647;
			files = (
				AFB342832678CB5500AC796B /* coreImage.swift in Sources */,
				AFDA890526775D6D00FA733B /* CustomBinding.swift in Sources */,
				AF8D0B6226414B0400276CE3 /* AppDelegate.swift in Sources */,
				AFB342862678D8C100AC796B /* ImagePicker.swift in Sources */,
				AF8D0B6426414B0400276CE3 /* SceneDelegate.swift in Sources */,
				AFDA890726775DBF00FA733B /* ActionSheet.swift in Sources */,
				AFB342882678E25100AC796B /* WrappingUIViewController.swift in Sources */,
				AF8D0B6626414B0400276CE3 /* ContentView.swift in Sources */,
			);
			runOnlyForDeploymentPostprocessing = 0;
		};
/* End PBXSourcesBuildPhase section */

/* Begin PBXVariantGroup section */
		AF8D0B6C26414B0600276CE3 /* LaunchScreen.storyboard */ = {
			isa = PBXVariantGroup;
			children = (
				AF8D0B6D26414B0600276CE3 /* Base */,
			);
			name = LaunchScreen.storyboard;
			sourceTree = "<group>";
		};
/* End PBXVariantGroup section */

/* Begin XCBuildConfiguration section */
		AF8D0B7026414B0600276CE3 /* Debug */ = {
			isa = XCBuildConfiguration;
			buildSettings = {
				ALWAYS_SEARCH_USER_PATHS = NO;
				CLANG_ANALYZER_NONNULL = YES;
				CLANG_ANALYZER_NUMBER_OBJECT_CONVERSION = YES_AGGRESSIVE;
				CLANG_CXX_LANGUAGE_STANDARD = "gnu++14";
				CLANG_CXX_LIBRARY = "libc++";
				CLANG_ENABLE_MODULES = YES;
				CLANG_ENABLE_OBJC_ARC = YES;
				CLANG_ENABLE_OBJC_WEAK = YES;
				CLANG_WARN_BLOCK_CAPTURE_AUTORELEASING = YES;
				CLANG_WARN_BOOL_CONVERSION = YES;
				CLANG_WARN_COMMA = YES;
				CLANG_WARN_CONSTANT_CONVERSION = YES;
				CLANG_WARN_DEPRECATED_OBJC_IMPLEMENTATIONS = YES;
				CLANG_WARN_DIRECT_OBJC_ISA_USAGE = YES_ERROR;
				CLANG_WARN_DOCUMENTATION_COMMENTS = YES;
				CLANG_WARN_EMPTY_BODY = YES;
				CLANG_WARN_ENUM_CONVERSION = YES;
				CLANG_WARN_INFINITE_RECURSION = YES;
				CLANG_WARN_INT_CONVERSION = YES;
				CLANG_WARN_NON_LITERAL_NULL_CONVERSION = YES;
				CLANG_WARN_OBJC_IMPLICIT_RETAIN_SELF = YES;
				CLANG_WARN_OBJC_LITERAL_CONVERSION = YES;
				CLANG_WARN_OBJC_ROOT_CLASS = YES_ERROR;
				CLANG_WARN_QUOTED_INCLUDE_IN_FRAMEWORK_HEADER = YES;
				CLANG_WARN_RANGE_LOOP_ANALYSIS = YES;
				CLANG_WARN_STRICT_PROTOTYPES = YES;
				CLANG_WARN_SUSPICIOUS_MOVE = YES;
				CLANG_WARN_UNGUARDED_AVAILABILITY = YES_AGGRESSIVE;
				CLANG_WARN_UNREACHABLE_CODE = YES;
				CLANG_WARN__DUPLICATE_METHOD_MATCH = YES;
				COPY_PHASE_STRIP = NO;
				DEBUG_INFORMATION_FORMAT = dwarf;
				ENABLE_STRICT_OBJC_MSGSEND = YES;
				ENABLE_TESTABILITY = YES;
				GCC_C_LANGUAGE_STANDARD = gnu11;
				GCC_DYNAMIC_NO_PIC = NO;
				GCC_NO_COMMON_BLOCKS = YES;
				GCC_OPTIMIZATION_LEVEL = 0;
				GCC_PREPROCESSOR_DEFINITIONS = (
					"DEBUG=1",
					"$(inherited)",
				);
				GCC_WARN_64_TO_32_BIT_CONVERSION = YES;
				GCC_WARN_ABOUT_RETURN_TYPE = YES_ERROR;
				GCC_WARN_UNDECLARED_SELECTOR = YES;
				GCC_WARN_UNINITIALIZED_AUTOS = YES_AGGRESSIVE;
				GCC_WARN_UNUSED_FUNCTION = YES;
				GCC_WARN_UNUSED_VARIABLE = YES;
				IPHONEOS_DEPLOYMENT_TARGET = 14.0;
				MTL_ENABLE_DEBUG_INFO = INCLUDE_SOURCE;
				MTL_FAST_MATH = YES;
				ONLY_ACTIVE_ARCH = YES;
				SDKROOT = iphoneos;
				SWIFT_ACTIVE_COMPILATION_CONDITIONS = DEBUG;
				SWIFT_OPTIMIZATION_LEVEL = "-Onone";
			};
			name = Debug;
		};
		AF8D0B7126414B0600276CE3 /* Release */ = {
			isa = XCBuildConfiguration;
			buildSettings = {
				ALWAYS_SEARCH_USER_PATHS = NO;
				CLANG_ANALYZER_NONNULL = YES;
				CLANG_ANALYZER_NUMBER_OBJECT_CONVERSION = YES_AGGRESSIVE;
				CLANG_CXX_LANGUAGE_STANDARD = "gnu++14";
				CLANG_CXX_LIBRARY = "libc++";
				CLANG_ENABLE_MODULES = YES;
				CLANG_ENABLE_OBJC_ARC = YES;
				CLANG_ENABLE_OBJC_WEAK = YES;
				CLANG_WARN_BLOCK_CAPTURE_AUTORELEASING = YES;
				CLANG_WARN_BOOL_CONVERSION = YES;
				CLANG_WARN_COMMA = YES;
				CLANG_WARN_CONSTANT_CONVERSION = YES;
				CLANG_WARN_DEPRECATED_OBJC_IMPLEMENTATIONS = YES;
				CLANG_WARN_DIRECT_OBJC_ISA_USAGE = YES_ERROR;
				CLANG_WARN_DOCUMENTATION_COMMENTS = YES;
				CLANG_WARN_EMPTY_BODY = YES;
				CLANG_WARN_ENUM_CONVERSION = YES;
				CLANG_WARN_INFINITE_RECURSION = YES;
				CLANG_WARN_INT_CONVERSION = YES;
				CLANG_WARN_NON_LITERAL_NULL_CONVERSION = YES;
				CLANG_WARN_OBJC_IMPLICIT_RETAIN_SELF = YES;
				CLANG_WARN_OBJC_LITERAL_CONVERSION = YES;
				CLANG_WARN_OBJC_ROOT_CLASS = YES_ERROR;
				CLANG_WARN_QUOTED_INCLUDE_IN_FRAMEWORK_HEADER = YES;
				CLANG_WARN_RANGE_LOOP_ANALYSIS = YES;
				CLANG_WARN_STRICT_PROTOTYPES = YES;
				CLANG_WARN_SUSPICIOUS_MOVE = YES;
				CLANG_WARN_UNGUARDED_AVAILABILITY = YES_AGGRESSIVE;
				CLANG_WARN_UNREACHABLE_CODE = YES;
				CLANG_WARN__DUPLICATE_METHOD_MATCH = YES;
				COPY_PHASE_STRIP = NO;
				DEBUG_INFORMATION_FORMAT = "dwarf-with-dsym";
				ENABLE_NS_ASSERTIONS = NO;
				ENABLE_STRICT_OBJC_MSGSEND = YES;
				GCC_C_LANGUAGE_STANDARD = gnu11;
				GCC_NO_COMMON_BLOCKS = YES;
				GCC_WARN_64_TO_32_BIT_CONVERSION = YES;
				GCC_WARN_ABOUT_RETURN_TYPE = YES_ERROR;
				GCC_WARN_UNDECLARED_SELECTOR = YES;
				GCC_WARN_UNINITIALIZED_AUTOS = YES_AGGRESSIVE;
				GCC_WARN_UNUSED_FUNCTION = YES;
				GCC_WARN_UNUSED_VARIABLE = YES;
				IPHONEOS_DEPLOYMENT_TARGET = 14.0;
				MTL_ENABLE_DEBUG_INFO = NO;
				MTL_FAST_MATH = YES;
				SDKROOT = iphoneos;
				SWIFT_COMPILATION_MODE = wholemodule;
				SWIFT_OPTIMIZATION_LEVEL = "-O";
				VALIDATE_PRODUCT = YES;
			};
			name = Release;
		};
		AF8D0B7326414B0600276CE3 /* Debug */ = {
			isa = XCBuildConfiguration;
			buildSettings = {
				ASSETCATALOG_COMPILER_APPICON_NAME = AppIcon;
				ASSETCATALOG_COMPILER_GLOBAL_ACCENT_COLOR_NAME = AccentColor;
				CODE_SIGN_STYLE = Automatic;
				DEVELOPMENT_ASSET_PATHS = "\"project 13/Preview Content\"";
				DEVELOPMENT_TEAM = WBND8H9MX8;
				ENABLE_PREVIEWS = YES;
				INFOPLIST_FILE = "project 13/Info.plist";
				LD_RUNPATH_SEARCH_PATHS = (
					"$(inherited)",
					"@executable_path/Frameworks",
				);
				PRODUCT_BUNDLE_IDENTIFIER = "com.ansa.project-13";
				PRODUCT_NAME = "$(TARGET_NAME)";
				SWIFT_VERSION = 5.0;
				TARGETED_DEVICE_FAMILY = "1,2";
			};
			name = Debug;
		};
		AF8D0B7426414B0600276CE3 /* Release */ = {
			isa = XCBuildConfiguration;
			buildSettings = {
				ASSETCATALOG_COMPILER_APPICON_NAME = AppIcon;
				ASSETCATALOG_COMPILER_GLOBAL_ACCENT_COLOR_NAME = AccentColor;
				CODE_SIGN_STYLE = Automatic;
				DEVELOPMENT_ASSET_PATHS = "\"project 13/Preview Content\"";
				DEVELOPMENT_TEAM = WBND8H9MX8;
				ENABLE_PREVIEWS = YES;
				INFOPLIST_FILE = "project 13/Info.plist";
				LD_RUNPATH_SEARCH_PATHS = (
					"$(inherited)",
					"@executable_path/Frameworks",
				);
				PRODUCT_BUNDLE_IDENTIFIER = "com.ansa.project-13";
				PRODUCT_NAME = "$(TARGET_NAME)";
				SWIFT_VERSION = 5.0;
				TARGETED_DEVICE_FAMILY = "1,2";
			};
			name = Release;
		};
/* End XCBuildConfiguration section */

/* Begin XCConfigurationList section */
		AF8D0B5926414B0400276CE3 /* Build configuration list for PBXProject "project 13" */ = {
			isa = XCConfigurationList;
			buildConfigurations = (
				AF8D0B7026414B0600276CE3 /* Debug */,
				AF8D0B7126414B0600276CE3 /* Release */,
			);
			defaultConfigurationIsVisible = 0;
			defaultConfigurationName = Release;
		};
		AF8D0B7226414B0600276CE3 /* Build configuration list for PBXNativeTarget "project 13" */ = {
			isa = XCConfigurationList;
			buildConfigurations = (
				AF8D0B7326414B0600276CE3 /* Debug */,
				AF8D0B7426414B0600276CE3 /* Release */,
			);
			defaultConfigurationIsVisible = 0;
			defaultConfigurationName = Release;
		};
/* End XCConfigurationList section */
	};
	rootObject = AF8D0B5626414B0400276CE3 /* Project object */;
}
